
Microsoft Visual Studio Solution File, Format Version 12.00
# Visual Studio Version 17
VisualStudioVersion = 17.0.31903.59
MinimumVisualStudioVersion = 10.0.40219.1
Project("{2150E333-8FDC-42A3-9474-1A3956D46DE8}") = "src", "src", "{827E0CD3-B72D-47B6-A68D-7590B98EB39B}"
EndProject
Project("{FAE04EC0-301F-11D3-BF4B-00C04F79EFBC}") = "FashionStore.Domain", "src\FashionStore.Domain\FashionStore.Domain.csproj", "{FB254259-D721-4C05-8B65-6000E398F82C}"
EndProject
Project("{FAE04EC0-301F-11D3-BF4B-00C04F79EFBC}") = "FashionStore.Application", "src\FashionStore.Application\FashionStore.Application.csproj", "{9761F9EA-6B5C-4EA4-A3CF-F243BEE5299D}"
EndProject
Project("{FAE04EC0-301F-11D3-BF4B-00C04F79EFBC}") = "FashionStore.Infrastructure", "src\FashionStore.Infrastructure\FashionStore.Infrastructure.csproj", "{539E6BAE-5F95-4812-A6E8-3958B8B2EF19}"
EndProject
Project("{FAE04EC0-301F-11D3-BF4B-00C04F79EFBC}") = "FashionStore.WebUI", "src\FashionStore.WebUI\FashionStore.WebUI.csproj", "{D1F71E0D-941E-47FD-B27D-9CDBDBF79E15}"
EndProject
Global
	GlobalSection(SolutionConfigurationPlatforms) = preSolution
		Debug|Any CPU = Debug|Any CPU
		Debug|x64 = Debug|x64
		Debug|x86 = Debug|x86
		Release|Any CPU = Release|Any CPU
		Release|x64 = Release|x64
		Release|x86 = Release|x86
	EndGlobalSection
	GlobalSection(ProjectConfigurationPlatforms) = postSolution
		{FB254259-D721-4C05-8B65-6000E398F82C}.Debug|Any CPU.ActiveCfg = Debug|Any CPU
		{FB254259-D721-4C05-8B65-6000E398F82C}.Debug|Any CPU.Build.0 = Debug|Any CPU
		{FB254259-D721-4C05-8B65-6000E398F82C}.Debug|x64.ActiveCfg = Debug|Any CPU
		{FB254259-D721-4C05-8B65-6000E398F82C}.Debug|x64.Build.0 = Debug|Any CPU
		{FB254259-D721-4C05-8B65-6000E398F82C}.Debug|x86.ActiveCfg = Debug|Any CPU
		{FB254259-D721-4C05-8B65-6000E398F82C}.Debug|x86.Build.0 = Debug|Any CPU
		{FB254259-D721-4C05-8B65-6000E398F82C}.Release|Any CPU.ActiveCfg = Release|Any CPU
		{FB254259-D721-4C05-8B65-6000E398F82C}.Release|Any CPU.Build.0 = Release|Any CPU
		{FB254259-D721-4C05-8B65-6000E398F82C}.Release|x64.ActiveCfg = Release|Any CPU
		{FB254259-D721-4C05-8B65-6000E398F82C}.Release|x64.Build.0 = Release|Any CPU
		{FB254259-D721-4C05-8B65-6000E398F82C}.Release|x86.ActiveCfg = Release|Any CPU
		{FB254259-D721-4C05-8B65-6000E398F82C}.Release|x86.Build.0 = Release|Any CPU
		{9761F9EA-6B5C-4EA4-A3CF-F243BEE5299D}.Debug|Any CPU.ActiveCfg = Debug|Any CPU
		{9761F9EA-6B5C-4EA4-A3CF-F243BEE5299D}.Debug|Any CPU.Build.0 = Debug|Any CPU
		{9761F9EA-6B5C-4EA4-A3CF-F243BEE5299D}.Debug|x64.ActiveCfg = Debug|Any CPU
		{9761F9EA-6B5C-4EA4-A3CF-F243BEE5299D}.Debug|x64.Build.0 = Debug|Any CPU
		{9761F9EA-6B5C-4EA4-A3CF-F243BEE5299D}.Debug|x86.ActiveCfg = Debug|Any CPU
		{9761F9EA-6B5C-4EA4-A3CF-F243BEE5299D}.Debug|x86.Build.0 = Debug|Any CPU
		{9761F9EA-6B5C-4EA4-A3CF-F243BEE5299D}.Release|Any CPU.ActiveCfg = Release|Any CPU
		{9761F9EA-6B5C-4EA4-A3CF-F243BEE5299D}.Release|Any CPU.Build.0 = Release|Any CPU
		{9761F9EA-6B5C-4EA4-A3CF-F243BEE5299D}.Release|x64.ActiveCfg = Release|Any CPU
		{9761F9EA-6B5C-4EA4-A3CF-F243BEE5299D}.Release|x64.Build.0 = Release|Any CPU
		{9761F9EA-6B5C-4EA4-A3CF-F243BEE5299D}.Release|x86.ActiveCfg = Release|Any CPU
		{9761F9EA-6B5C-4EA4-A3CF-F243BEE5299D}.Release|x86.Build.0 = Release|Any CPU
		{539E6BAE-5F95-4812-A6E8-3958B8B2EF19}.Debug|Any CPU.ActiveCfg = Debug|Any CPU
		{539E6BAE-5F95-4812-A6E8-3958B8B2EF19}.Debug|Any CPU.Build.0 = Debug|Any CPU
		{539E6BAE-5F95-4812-A6E8-3958B8B2EF19}.Debug|x64.ActiveCfg = Debug|Any CPU
		{539E6BAE-5F95-4812-A6E8-3958B8B2EF19}.Debug|x64.Build.0 = Debug|Any CPU
		{539E6BAE-5F95-4812-A6E8-3958B8B2EF19}.Debug|x86.ActiveCfg = Debug|Any CPU
		{539E6BAE-5F95-4812-A6E8-3958B8B2EF19}.Debug|x86.Build.0 = Debug|Any CPU
		{539E6BAE-5F95-4812-A6E8-3958B8B2EF19}.Release|Any CPU.ActiveCfg = Release|Any CPU
		{539E6BAE-5F95-4812-A6E8-3958B8B2EF19}.Release|Any CPU.Build.0 = Release|Any CPU
		{539E6BAE-5F95-4812-A6E8-3958B8B2EF19}.Release|x64.ActiveCfg = Release|Any CPU
		{539E6BAE-5F95-4812-A6E8-3958B8B2EF19}.Release|x64.Build.0 = Release|Any CPU
		{539E6BAE-5F95-4812-A6E8-3958B8B2EF19}.Release|x86.ActiveCfg = Release|Any CPU
		{539E6BAE-5F95-4812-A6E8-3958B8B2EF19}.Release|x86.Build.0 = Release|Any CPU
		{D1F71E0D-941E-47FD-B27D-9CDBDBF79E15}.Debug|Any CPU.ActiveCfg = Debug|Any CPU
		{D1F71E0D-941E-47FD-B27D-9CDBDBF79E15}.Debug|Any CPU.Build.0 = Debug|Any CPU
		{D1F71E0D-941E-47FD-B27D-9CDBDBF79E15}.Debug|x64.ActiveCfg = Debug|Any CPU
		{D1F71E0D-941E-47FD-B27D-9CDBDBF79E15}.Debug|x64.Build.0 = Debug|Any CPU
		{D1F71E0D-941E-47FD-B27D-9CDBDBF79E15}.Debug|x86.ActiveCfg = Debug|Any CPU
		{D1F71E0D-941E-47FD-B27D-9CDBDBF79E15}.Debug|x86.Build.0 = Debug|Any CPU
		{D1F71E0D-941E-47FD-B27D-9CDBDBF79E15}.Release|Any CPU.ActiveCfg = Release|Any CPU
		{D1F71E0D-941E-47FD-B27D-9CDBDBF79E15}.Release|Any CPU.Build.0 = Release|Any CPU
		{D1F71E0D-941E-47FD-B27D-9CDBDBF79E15}.Release|x64.ActiveCfg = Release|Any CPU
		{D1F71E0D-941E-47FD-B27D-9CDBDBF79E15}.Release|x64.Build.0 = Release|Any CPU
		{D1F71E0D-941E-47FD-B27D-9CDBDBF79E15}.Release|x86.ActiveCfg = Release|Any CPU
		{D1F71E0D-941E-47FD-B27D-9CDBDBF79E15}.Release|x86.Build.0 = Release|Any CPU
	EndGlobalSection
	GlobalSection(SolutionProperties) = preSolution
		HideSolutionNode = FALSE
	EndGlobalSection
	GlobalSection(NestedProjects) = preSolution
		{FB254259-D721-4C05-8B65-6000E398F82C} = {827E0CD3-B72D-47B6-A68D-7590B98EB39B}
		{9761F9EA-6B5C-4EA4-A3CF-F243BEE5299D} = {827E0CD3-B72D-47B6-A68D-7590B98EB39B}
		{539E6BAE-5F95-4812-A6E8-3958B8B2EF19} = {827E0CD3-B72D-47B6-A68D-7590B98EB39B}
		{D1F71E0D-941E-47FD-B27D-9CDBDBF79E15} = {827E0CD3-B72D-47B6-A68D-7590B98EB39B}
	EndGlobalSection
EndGlobal
